{
  "nodes": {
    "devshell": {
      "inputs": {
        "nixpkgs": [
          "nixpkgs"
        ],
        "systems": "systems"
      },
      "locked": {
        "lastModified": 1686680692,
        "narHash": "sha256-SsLZz3TDleraAiJq4EkmdyewSyiv5g0LZYc6vaLZOMQ=",
        "owner": "numtide",
        "repo": "devshell",
        "rev": "fd6223370774dd9c33354e87a007004b5fd36442",
        "type": "github"
      },
      "original": {
        "owner": "numtide",
        "repo": "devshell",
        "type": "github"
      }
    },
    "flu": {
      "inputs": {
        "nixpkgs": [
          "nixpkgs"
        ]
      },
      "locked": {
        "lastModified": 1686726260,
        "narHash": "sha256-DYlY4MMqy5D7pKBWs7AHFRbwak/2/4lRhfWRt2giqEE=",
        "owner": "cruel-intentions",
        "repo": "flu-type-a",
        "rev": "c0abd599a2dcb3c260b092b61d96839faed16c39",
        "type": "github"
      },
      "original": {
        "owner": "cruel-intentions",
        "repo": "flu-type-a",
        "type": "github"
      }
    },
    "nixpkgs": {
      "locked": {
        "lastModified": 1686723672,
        "narHash": "sha256-aCsFFAnoSPzxRJr9BB4domaJR71spbhV/ik9RRwSRUE=",
        "owner": "nixos",
        "repo": "nixpkgs",
        "rev": "e6ef080e60f28fb42f638ee4981594efa5ffbe46",
        "type": "github"
      },
      "original": {
        "owner": "nixos",
        "ref": "release-23.05",
        "repo": "nixpkgs",
        "type": "github"
      }
    },
    "root": {
      "inputs": {
        "devshell": "devshell",
        "flu": "flu",
        "nixpkgs": "nixpkgs"
      }
    },
    "systems": {
      "locked": {
        "lastModified": 1681028828,
        "narHash": "sha256-Vy1rq5AaRuLzOxct8nz4T6wlgyUR7zLU309k9mBC768=",
        "owner": "nix-systems",
        "repo": "default",
        "rev": "da67096a3b9bf56a91d16901293e51ba5b49a27e",
        "type": "github"
      },
      "original": {
        "owner": "nix-systems",
        "repo": "default",
        "type": "github"
      }
    }
  },
  "root": "root",
  "version": 7
}
