{
  "nodes": {
    "devshell": {
      "locked": {
        "lastModified": 1635874631,
        "narHash": "sha256-dyXYl7tL7LRNl5FOLPk2LVM+47FNUz1lsEXptYDLRzE=",
        "owner": "numtide",
        "repo": "devshell",
        "rev": "881e205bad8db0017486a626d8ce9459a720fa3f",
        "type": "github"
      },
      "original": {
        "owner": "numtide",
        "repo": "devshell",
        "type": "github"
      }
    },
    "flake-utils": {
      "locked": {
        "lastModified": 1634851050,
        "narHash": "sha256-N83GlSGPJJdcqhUxSCS/WwW5pksYf3VP1M13cDRTSVA=",
        "owner": "numtide",
        "repo": "flake-utils",
        "rev": "c91f3de5adaf1de973b797ef7485e441a65b8935",
        "type": "github"
      },
      "original": {
        "owner": "numtide",
        "repo": "flake-utils",
        "type": "github"
      }
    },
    "nixpkgs": {
      "locked": {
        "lastModified": 1635900842,
        "narHash": "sha256-ca6rJP1fPxcV1YKOhvJpUfO1rahVC1ok6Z/vXlvHsPI=",
        "owner": "NixOS",
        "repo": "nixpkgs",
        "rev": "679fb825a2d12b701de7eeba97a968a3252258af",
        "type": "github"
      },
      "original": {
        "id": "nixpkgs",
        "type": "indirect"
      }
    },
    "root": {
      "inputs": {
        "devshell": "devshell",
        "flake-utils": "flake-utils",
        "nixpkgs": "nixpkgs"
      }
    }
  },
  "root": "root",
  "version": 7
}
